
Microsoft Visual Studio Solution File, Format Version 12.00
Project("{2150E333-8FDC-42A3-9474-1A3956D46DE8}") = "src", "src", "{8E7E50F9-FCBD-4C29-819D-4863128FF98D}"
EndProject
Project("{2150E333-8FDC-42A3-9474-1A3956D46DE8}") = "Libraries", "Libraries", "{D3E8C3C3-7A5A-46FC-A378-BB36CCF81DF3}"
EndProject
Project("{FAE04EC0-301F-11D3-BF4B-00C04F79EFBC}") = "R5DNCloud.Redis", "Libraries\R5DNCloud.Redis\R5DNCloud.Redis.csproj", "{28C52B32-C375-4CAD-8F1E-AA1526EE2EA1}"
EndProject
Project("{FAE04EC0-301F-11D3-BF4B-00C04F79EFBC}") = "R5DNCloud.Infrastructure", "R5DNCloud.Infrastructure\R5DNCloud.Infrastructure.csproj", "{B39B54A6-6CF5-4F7C-AE87-F6C84BA322EE}"
EndProject
Project("{FAE04EC0-301F-11D3-BF4B-00C04F79EFBC}") = "R5DNCloud.Core", "R5DNCloud.Core\R5DNCloud.Core.csproj", "{E75DBE74-48C7-4347-81CD-489DD45E06EA}"
EndProject
Project("{FAE04EC0-301F-11D3-BF4B-00C04F79EFBC}") = "R5DNCloud.Swagger", "Libraries\R5DNCloud.Swagger\R5DNCloud.Swagger.csproj", "{6339C320-C15A-40D1-BB37-14DDFAF120C7}"
EndProject
Project("{FAE04EC0-301F-11D3-BF4B-00C04F79EFBC}") = "R5DNCloud.Excel", "Libraries\R5DNCloud.Excel\R5DNCloud.Excel.csproj", "{A4C183C6-D36C-4449-B95A-3FF290909169}"
EndProject
Project("{FAE04EC0-301F-11D3-BF4B-00C04F79EFBC}") = "R5DNCloud.EfCore", "Libraries\R5DNCloud.EfCore\R5DNCloud.EfCore.csproj", "{623838FF-359B-47AC-BDFD-7299CD352642}"
EndProject
Project("{FAE04EC0-301F-11D3-BF4B-00C04F79EFBC}") = "R5DNCloud.RabbitMQ", "Libraries\R5DNCloud.RabbitMQ\R5DNCloud.RabbitMQ.csproj", "{D414723A-F30B-4C30-9A8D-AEB304C1C236}"
EndProject
Project("{FAE04EC0-301F-11D3-BF4B-00C04F79EFBC}") = "R5DNCloud.Serilog", "Libraries\R5DNCloud.Serilog\R5DNCloud.Serilog.csproj", "{93AE9925-32A5-40CD-9792-F22CD99F776F}"
EndProject
Global
	GlobalSection(SolutionConfigurationPlatforms) = preSolution
		Debug|Any CPU = Debug|Any CPU
		Release|Any CPU = Release|Any CPU
	EndGlobalSection
	GlobalSection(NestedProjects) = preSolution
		{D3E8C3C3-7A5A-46FC-A378-BB36CCF81DF3} = {8E7E50F9-FCBD-4C29-819D-4863128FF98D}
		{28C52B32-C375-4CAD-8F1E-AA1526EE2EA1} = {D3E8C3C3-7A5A-46FC-A378-BB36CCF81DF3}
		{B39B54A6-6CF5-4F7C-AE87-F6C84BA322EE} = {8E7E50F9-FCBD-4C29-819D-4863128FF98D}
		{E75DBE74-48C7-4347-81CD-489DD45E06EA} = {8E7E50F9-FCBD-4C29-819D-4863128FF98D}
		{6339C320-C15A-40D1-BB37-14DDFAF120C7} = {D3E8C3C3-7A5A-46FC-A378-BB36CCF81DF3}
		{A4C183C6-D36C-4449-B95A-3FF290909169} = {D3E8C3C3-7A5A-46FC-A378-BB36CCF81DF3}
		{623838FF-359B-47AC-BDFD-7299CD352642} = {D3E8C3C3-7A5A-46FC-A378-BB36CCF81DF3}
		{D414723A-F30B-4C30-9A8D-AEB304C1C236} = {D3E8C3C3-7A5A-46FC-A378-BB36CCF81DF3}
		{93AE9925-32A5-40CD-9792-F22CD99F776F} = {D3E8C3C3-7A5A-46FC-A378-BB36CCF81DF3}
	EndGlobalSection
	GlobalSection(ProjectConfigurationPlatforms) = postSolution
		{28C52B32-C375-4CAD-8F1E-AA1526EE2EA1}.Debug|Any CPU.ActiveCfg = Debug|Any CPU
		{28C52B32-C375-4CAD-8F1E-AA1526EE2EA1}.Debug|Any CPU.Build.0 = Debug|Any CPU
		{28C52B32-C375-4CAD-8F1E-AA1526EE2EA1}.Release|Any CPU.ActiveCfg = Release|Any CPU
		{28C52B32-C375-4CAD-8F1E-AA1526EE2EA1}.Release|Any CPU.Build.0 = Release|Any CPU
		{B39B54A6-6CF5-4F7C-AE87-F6C84BA322EE}.Debug|Any CPU.ActiveCfg = Debug|Any CPU
		{B39B54A6-6CF5-4F7C-AE87-F6C84BA322EE}.Debug|Any CPU.Build.0 = Debug|Any CPU
		{B39B54A6-6CF5-4F7C-AE87-F6C84BA322EE}.Release|Any CPU.ActiveCfg = Release|Any CPU
		{B39B54A6-6CF5-4F7C-AE87-F6C84BA322EE}.Release|Any CPU.Build.0 = Release|Any CPU
		{E75DBE74-48C7-4347-81CD-489DD45E06EA}.Debug|Any CPU.ActiveCfg = Debug|Any CPU
		{E75DBE74-48C7-4347-81CD-489DD45E06EA}.Debug|Any CPU.Build.0 = Debug|Any CPU
		{E75DBE74-48C7-4347-81CD-489DD45E06EA}.Release|Any CPU.ActiveCfg = Release|Any CPU
		{E75DBE74-48C7-4347-81CD-489DD45E06EA}.Release|Any CPU.Build.0 = Release|Any CPU
		{6339C320-C15A-40D1-BB37-14DDFAF120C7}.Debug|Any CPU.ActiveCfg = Debug|Any CPU
		{6339C320-C15A-40D1-BB37-14DDFAF120C7}.Debug|Any CPU.Build.0 = Debug|Any CPU
		{6339C320-C15A-40D1-BB37-14DDFAF120C7}.Release|Any CPU.ActiveCfg = Release|Any CPU
		{6339C320-C15A-40D1-BB37-14DDFAF120C7}.Release|Any CPU.Build.0 = Release|Any CPU
		{A4C183C6-D36C-4449-B95A-3FF290909169}.Debug|Any CPU.ActiveCfg = Debug|Any CPU
		{A4C183C6-D36C-4449-B95A-3FF290909169}.Debug|Any CPU.Build.0 = Debug|Any CPU
		{A4C183C6-D36C-4449-B95A-3FF290909169}.Release|Any CPU.ActiveCfg = Release|Any CPU
		{A4C183C6-D36C-4449-B95A-3FF290909169}.Release|Any CPU.Build.0 = Release|Any CPU
		{623838FF-359B-47AC-BDFD-7299CD352642}.Debug|Any CPU.ActiveCfg = Debug|Any CPU
		{623838FF-359B-47AC-BDFD-7299CD352642}.Debug|Any CPU.Build.0 = Debug|Any CPU
		{623838FF-359B-47AC-BDFD-7299CD352642}.Release|Any CPU.ActiveCfg = Release|Any CPU
		{623838FF-359B-47AC-BDFD-7299CD352642}.Release|Any CPU.Build.0 = Release|Any CPU
		{D414723A-F30B-4C30-9A8D-AEB304C1C236}.Debug|Any CPU.ActiveCfg = Debug|Any CPU
		{D414723A-F30B-4C30-9A8D-AEB304C1C236}.Debug|Any CPU.Build.0 = Debug|Any CPU
		{D414723A-F30B-4C30-9A8D-AEB304C1C236}.Release|Any CPU.ActiveCfg = Release|Any CPU
		{D414723A-F30B-4C30-9A8D-AEB304C1C236}.Release|Any CPU.Build.0 = Release|Any CPU
		{93AE9925-32A5-40CD-9792-F22CD99F776F}.Debug|Any CPU.ActiveCfg = Debug|Any CPU
		{93AE9925-32A5-40CD-9792-F22CD99F776F}.Debug|Any CPU.Build.0 = Debug|Any CPU
		{93AE9925-32A5-40CD-9792-F22CD99F776F}.Release|Any CPU.ActiveCfg = Release|Any CPU
		{93AE9925-32A5-40CD-9792-F22CD99F776F}.Release|Any CPU.Build.0 = Release|Any CPU
	EndGlobalSection
EndGlobal
